
Microsoft Visual Studio Solution File, Format Version 12.00
# Visual Studio 15
VisualStudioVersion = 15.0.28307.168
MinimumVisualStudioVersion = 10.0.40219.1
Project("{FAE04EC0-301F-11D3-BF4B-00C04F79EFBC}") = "Financas", "Financas\Financas.csproj", "{1BC80C69-5D8C-4A93-96A0-B05018559AFC}"
EndProject
Global
	GlobalSection(SolutionConfigurationPlatforms) = preSolution
		Debug|Any CPU = Debug|Any CPU
		Release|Any CPU = Release|Any CPU
	EndGlobalSection
	GlobalSection(ProjectConfigurationPlatforms) = postSolution
		{1BC80C69-5D8C-4A93-96A0-B05018559AFC}.Debug|Any CPU.ActiveCfg = Debug|Any CPU
		{1BC80C69-5D8C-4A93-96A0-B05018559AFC}.Debug|Any CPU.Build.0 = Debug|Any CPU
		{1BC80C69-5D8C-4A93-96A0-B05018559AFC}.Release|Any CPU.ActiveCfg = Release|Any CPU
		{1BC80C69-5D8C-4A93-96A0-B05018559AFC}.Release|Any CPU.Build.0 = Release|Any CPU
	EndGlobalSection
	GlobalSection(SolutionProperties) = preSolution
		HideSolutionNode = FALSE
	EndGlobalSection
	GlobalSection(ExtensibilityGlobals) = postSolution
		SolutionGuid = {1E76E58C-A30E-4FF5-B80E-1B810CD505B0}
	EndGlobalSection
EndGlobal
